<?xml version="1.0" encoding="utf-8"?>
<Project ToolsVersion="4.0" xmlns="http://schemas.microsoft.com/developer/msbuild/2003">
  <ItemGroup>
    <Filter Include="Source Files">
      <UniqueIdentifier>{4FC737F1-C7A5-4376-A066-2A32D752A2FF}</UniqueIdentifier>
      <Extensions>cpp;c;cc;cxx;def;odl;idl;hpj;bat;asm;asmx</Extensions>
    </Filter>
    <Filter Include="Header Files">
      <UniqueIdentifier>{93995380-89BD-4b04-88EB-625FBE52EBFB}</UniqueIdentifier>
      <Extensions>h;hh;hpp;hxx;hm;inl;inc;ipp;xsd</Extensions>
    </Filter>
    <Filter Include="Resource Files">
      <UniqueIdentifier>{67DA6AB6-F800-4c08-8B7A-83BB121AAD01}</UniqueIdentifier>
      <Extensions>rc;ico;cur;bmp;dlg;rc2;rct;bin;rgs;gif;jpg;jpeg;jpe;resx;tiff;tif;png;wav;mfcribbon-ms</Extensions>
    </Filter>
  </ItemGroup>
  <ItemGroup>
    <ClCompile Include="SOLID\Single Responsibility Principle\Main.cpp">
      <Filter>Source Files</Filter>
    </ClCompile>
    <ClCompile Include="SOLID\Open Closed Principle\Main.cpp">
      <Filter>Source Files</Filter>
    </ClCompile>
    <ClCompile Include="SOLID\Creational\Factory Method\MainFactoryMethod.cpp">
      <Filter>Source Files</Filter>
    </ClCompile>
    <ClCompile Include="SOLID\Creational\Abstract Factory\MainAbstractFactory.cpp">
      <Filter>Source Files</Filter>
    </ClCompile>
    <ClCompile Include="SOLID\Creational\Builder\MainBuilder.cpp">
      <Filter>Source Files</Filter>
    </ClCompile>
    <ClCompile Include="SOLID\Creational\Builder\CarBuilder.cpp">
      <Filter>Source Files</Filter>
    </ClCompile>
    <ClCompile Include="SOLID\Creational\Prototype\MainPrototype.cpp">
      <Filter>Source Files</Filter>
    </ClCompile>
  </ItemGroup>
  <ItemGroup>
    <ClInclude Include="SOLID\Single Responsibility Principle\Jurnal.h">
      <Filter>Header Files</Filter>
    </ClInclude>
    <ClInclude Include="SOLID\Single Responsibility Principle\JurnalPrinter.h">
      <Filter>Header Files</Filter>
    </ClInclude>
    <ClInclude Include="SOLID\Creational\Factory Method\Transport.h">
      <Filter>Header Files</Filter>
    </ClInclude>
    <ClInclude Include="SOLID\Creational\Factory Method\TransportFactory.h">
      <Filter>Header Files</Filter>
    </ClInclude>
    <ClInclude Include="SOLID\Creational\Abstract Factory\GUIElement.h">
      <Filter>Header Files</Filter>
    </ClInclude>
    <ClInclude Include="SOLID\Creational\Abstract Factory\GUIFactory.h">
      <Filter>Header Files</Filter>
    </ClInclude>
    <ClInclude Include="SOLID\Creational\Builder\Car.h">
      <Filter>Header Files</Filter>
    </ClInclude>
    <ClInclude Include="SOLID\Creational\Prototype\Shape.h">
      <Filter>Header Files</Filter>
    </ClInclude>
  </ItemGroup>
</Project>